
Microsoft Visual Studio Solution File, Format Version 12.00
# Visual Studio 15
VisualStudioVersion = 15.0.27323.2
MinimumVisualStudioVersion = 10.0.40219.1
Project("{A0786B88-2ADB-4C21-ABE8-AA2D79766269}") = "DevaneiosOutros", "DevaneiosOutros.phpproj", "{EE11F821-D500-46CE-AF75-282422D5D4D3}"
EndProject
Global
	GlobalSection(SolutionConfigurationPlatforms) = preSolution
		Debug|Any CPU = Debug|Any CPU
		Release|Any CPU = Release|Any CPU
	EndGlobalSection
	GlobalSection(ProjectConfigurationPlatforms) = postSolution
		{EE11F821-D500-46CE-AF75-282422D5D4D3}.Debug|Any CPU.ActiveCfg = Debug|Any CPU
		{EE11F821-D500-46CE-AF75-282422D5D4D3}.Release|Any CPU.ActiveCfg = Release|Any CPU
	EndGlobalSection
	GlobalSection(SolutionProperties) = preSolution
		HideSolutionNode = FALSE
	EndGlobalSection
	GlobalSection(ExtensibilityGlobals) = postSolution
		SolutionGuid = {64B6FB38-82E0-482C-B32B-16239FB98F55}
	EndGlobalSection
EndGlobal
